
Microsoft Visual Studio Solution File, Format Version 12.00
# Visual Studio 15
VisualStudioVersion = 15.0.28307.168
MinimumVisualStudioVersion = 10.0.40219.1
Project("{FAE04EC0-301F-11D3-BF4B-00C04F79EFBC}") = "ConsoleApp2", "ConsoleApp2\ConsoleApp2.csproj", "{F1540136-FC26-4F8D-9E18-2BD1B27489FB}"
EndProject
Global
	GlobalSection(SolutionConfigurationPlatforms) = preSolution
		Debug|Any CPU = Debug|Any CPU
		Release|Any CPU = Release|Any CPU
	EndGlobalSection
	GlobalSection(ProjectConfigurationPlatforms) = postSolution
		{F1540136-FC26-4F8D-9E18-2BD1B27489FB}.Debug|Any CPU.ActiveCfg = Debug|Any CPU
		{F1540136-FC26-4F8D-9E18-2BD1B27489FB}.Debug|Any CPU.Build.0 = Debug|Any CPU
		{F1540136-FC26-4F8D-9E18-2BD1B27489FB}.Release|Any CPU.ActiveCfg = Release|Any CPU
		{F1540136-FC26-4F8D-9E18-2BD1B27489FB}.Release|Any CPU.Build.0 = Release|Any CPU
	EndGlobalSection
	GlobalSection(SolutionProperties) = preSolution
		HideSolutionNode = FALSE
	EndGlobalSection
	GlobalSection(ExtensibilityGlobals) = postSolution
		SolutionGuid = {D659C35A-0928-4E2B-8E6A-73E47EF3F1D6}
	EndGlobalSection
EndGlobal
